
Microsoft Visual Studio Solution File, Format Version 12.00
# Visual Studio 14
VisualStudioVersion = 14.0.23107.0
MinimumVisualStudioVersion = 10.0.40219.1
Project("{FAE04EC0-301F-11D3-BF4B-00C04F79EFBC}") = "Baza.QRCode", "Baza.QRCode\Baza.QRCode.csproj", "{9A03DA7D-410E-4E19-BF87-2A5DCEBFA085}"
EndProject
Project("{2150E333-8FDC-42A3-9474-1A3956D46DE8}") = "Sample", "Sample", "{6100ACEA-8D18-4C5E-BAA4-C5FEF34AAEC3}"
EndProject
Project("{FAE04EC0-301F-11D3-BF4B-00C04F79EFBC}") = "Baza.QRCode.Sample", "Baza.QRCode.Sample\Baza.QRCode.Sample.csproj", "{3118EE9C-42A0-46F6-AF0F-1583DD25FA4F}"
EndProject
Global
	GlobalSection(SolutionConfigurationPlatforms) = preSolution
		Debug|Any CPU = Debug|Any CPU
		Release|Any CPU = Release|Any CPU
	EndGlobalSection
	GlobalSection(ProjectConfigurationPlatforms) = postSolution
		{9A03DA7D-410E-4E19-BF87-2A5DCEBFA085}.Debug|Any CPU.ActiveCfg = Debug|Any CPU
		{9A03DA7D-410E-4E19-BF87-2A5DCEBFA085}.Debug|Any CPU.Build.0 = Debug|Any CPU
		{9A03DA7D-410E-4E19-BF87-2A5DCEBFA085}.Release|Any CPU.ActiveCfg = Release|Any CPU
		{9A03DA7D-410E-4E19-BF87-2A5DCEBFA085}.Release|Any CPU.Build.0 = Release|Any CPU
		{3118EE9C-42A0-46F6-AF0F-1583DD25FA4F}.Debug|Any CPU.ActiveCfg = Debug|Any CPU
		{3118EE9C-42A0-46F6-AF0F-1583DD25FA4F}.Debug|Any CPU.Build.0 = Debug|Any CPU
		{3118EE9C-42A0-46F6-AF0F-1583DD25FA4F}.Release|Any CPU.ActiveCfg = Release|Any CPU
		{3118EE9C-42A0-46F6-AF0F-1583DD25FA4F}.Release|Any CPU.Build.0 = Release|Any CPU
	EndGlobalSection
	GlobalSection(SolutionProperties) = preSolution
		HideSolutionNode = FALSE
	EndGlobalSection
	GlobalSection(NestedProjects) = preSolution
		{3118EE9C-42A0-46F6-AF0F-1583DD25FA4F} = {6100ACEA-8D18-4C5E-BAA4-C5FEF34AAEC3}
	EndGlobalSection
EndGlobal
